{
    "_meta": {
        "hash": {
            "sha256": "90e0b60ee5c6bbe56a2e2d78f1fe969978136b6ec7e22c88e7346cf9061b014c"
        },
        "pipfile-spec": 6,
        "requires": {
            "python_version": "3.9"
        },
        "sources": [
            {
                "name": "pypi",
                "url": "https://pypi.python.org/simple",
                "verify_ssl": true
            }
        ]
    },
    "default": {
        "apischema": {
            "hashes": [
                "sha256:2b4124134298d3434c89a1175ceb53b7184808a8b0317767260955a9d71fb7dc",
                "sha256:e25a292afd6e4278d5303f493cedf4c228f15f7dd85a22023c79be27aebc2937"
            ],
            "markers": "python_version >= '3.6'",
            "version": "==0.15.6"
        },
        "certifi": {
            "hashes": [
                "sha256:2bbf76fd432960138b3ef6dda3dde0544f27cbf8546c458e60baf371917ba9ee",
                "sha256:50b1e4f8446b06f41be7dd6338db18e0990601dce795c2b1686458aa7e8fa7d8"
            ],
            "version": "==2021.5.30"
        },
        "charset-normalizer": {
            "hashes": [
                "sha256:5d209c0a931f215cee683b6445e2d77677e7e75e159f78def0db09d68fafcaa6",
                "sha256:5ec46d183433dcbd0ab716f2d7f29d8dee50505b3fdb40c6b985c7c4f5a3591f"
            ],
            "markers": "python_version >= '3'",
            "version": "==2.0.6"
        },
        "dependency-injector": {
            "hashes": [
                "sha256:02e3117405c2713798981afab5470fd2b6fc8060ff1b5b0c3714082ccf0f4326",
                "sha256:156dfe6c603bc1c9958bbe5725600207f249735057b3f8fee8ced2c61e4f828e",
                "sha256:1621407166ff3f39c078cb966aa6ef1a0a6e7aa38fd09b1cadc1b785b1bdcf88",
                "sha256:1bc892e7cc85a97494131e7f924f5a5ef6bf32b5f09b415d5b7c7b73acd8b4e5",
                "sha256:1e4f4d75ab61dbcc5c5d1ad1164c9d1b807c868a19ea97a4a788b41e69fe0a31",
                "sha256:2b5bcf85ba83a1aeb1918ccd0fc5d1a783b351a89f3a85953b45092feae18625",
                "sha256:2b7fe155fda261f7d89e3608aeff0981299b2b8f369386d26ef85f78f31a9f9d",
                "sha256:3612cd87c12d272e136d8c9b437fc532158b65e01ae0e6503ef1f353e136ea2c",
                "sha256:37ab804a78f4164f4ed4998d6b85f40ebe9f16df72a4813c6c1be6f6472105e2",
                "sha256:3b17444f9b26f1b61e0b13d7bff0541e3a78b0fbd513bfb03e6b6b771e7fef01",
                "sha256:3b5d81b3b4f6737b49d41fa86692a6c91053857009931431660febb2356deb22",
                "sha256:3d0da53594af79f135fb496beef55f654a67a744524fe10a861db65cf282421a",
                "sha256:41d41824b951dbef938a5eafea64ae74f5ece59de6a91eed73344998d5886c5d",
                "sha256:4ff75fd8995b5fab3dd548b84e3cf5372f9fdf7995cebc63e41a0842525324b6",
                "sha256:58d36d6c40b0c101c124e0ecd5643068c99276094b2648b26f4b6eab7380df82",
                "sha256:6539b1af0bd6b732f2dab4c46a50a3bcf267ca80bb82390d419978e7fe6b7b24",
                "sha256:6546b6e504de07a337f8daa448126594c13f1a8a434bbf136c15587a8d055e47",
                "sha256:6a74dd3d691bd6657e5903435cf0e3c000bf06f3430d1ee963bb92363f15345d",
                "sha256:6d062554c980d5d42460337b905b969666d4dfb8c3d7b35d98613b8a4886e392",
                "sha256:6d60674c0f20095eb5fa06adfc211f219d254ea537b87c601bca154c5489493f",
                "sha256:722e0f77c40d37fecac4421a458fe5a2e8b341724e9cf75a65d02c3ba418d438",
                "sha256:7358323b4ec4ffa4032ad89ab7d0f5eb89a0fcef8a64037dd0b81f6257d6dc1f",
                "sha256:76e155b466dfa118b415474dbcb0ca6f86f0e461414fc185b57fdf3595e436de",
                "sha256:80de2332ef38d9a3d36c0ee066b7f08306be514bedcf809be0ea94dc65a1a3f4",
                "sha256:86d72ce314ba322aad32b330728b18a7f0218d7846c39cb76d0dc4b3195225df",
                "sha256:8779d00293055183a9ede5beb3a7534a97aab63ae4aa33e606050ef2badb74a2",
                "sha256:889ce207918fc09d882bebd7a86b8dd412e222d63a574aa5aa32bf4cb3b1dc6e",
                "sha256:8b16b874729fd088758660a3fc776603e1ba47d0f322c6f2a102d47c75506bc9",
                "sha256:9552640076233e3d5a207347dd86e13bacb2dedefe8c21056b56625163960e40",
                "sha256:958ad4ac3764c3a19d6178f3420d83c56b3551a3e55a33749d861028cc0a8b2a",
                "sha256:971764256154b608762eed01a849c3b4eac46aa94c2e8a1e1f049555233a64fc",
                "sha256:977abe1f3ea9f62d953ffea173fbd93d2f3cc9de7d1a7fa0bfb17b2d99dbeb08",
                "sha256:9979d50faa4aba60eb663211871aa6c628ca590f7de6c073704886ddf7d0ca87",
                "sha256:9ab4c05823580146a8c82254e96470fefefc7e82c20ee15e74c53753c2726380",
                "sha256:9c8223d10d07eccfacfdab33d837e704db3f94d4b921664a7bf0dcfe02265a34",
                "sha256:9e4dfd4e5d84f0bcd5bfa58edfeb98dc46d95dcd56893bf56438a35035b62f8f",
                "sha256:a5dc20efd7559c985e9281348c1d40f0a9b53ad9d7b783b171bda5bec5159001",
                "sha256:a831084308634eb675fedd7d52f75fac3b42771426be59b72ce199c3d9533347",
                "sha256:a92e4d9a84745d3f1c709f0da5a40d45b5941fbb69b9c779f9dd5a5197ac96cf",
                "sha256:a9caef2833439f670c2bca4adfac0db7bb8182b198585fa85521e5316122eaf1",
                "sha256:b1bb1eedca6c40ca34a00ad03c2cd395c4d442d80ac11734dbbc0ffe880fb0de",
                "sha256:b8caa07ab408d92ca9bfedf3ed2035658c2b81f2e15f4c508e5ff75199e61ed1",
                "sha256:b8cdb4ef1de8d1bd27b86b275fc9224d92bec7a9b5544307314d644ea7db40e7",
                "sha256:c06e1b03348efabd123bc06efcfacbdaf4c3c5dc0e82fafda6df1db706421ddf",
                "sha256:c249a341cf6ef4d3d915c3d2f59e14f36d26ad7792d7a79e7691b7a635c11fec",
                "sha256:c4b1c22b109e257558e850edf28ddfc59be256e6b4f993aad437813fac3eaef3",
                "sha256:c8b041e267115d3f0902614e0950e4bdfcedef82dbfa924cee1bc532a35da58e",
                "sha256:c8f6ec913d455733f43d3641980da04dd37169c8a3163d36634ba7438246171b",
                "sha256:cc0ed3db9dd16b658963f1e54516500a0dc09ab620b1e40e7b4bb197d34c077a",
                "sha256:cf5e27cdb695ee7d8abb228b9c14afd7ee8fca294d087b2debf052ce3c1c1e42",
                "sha256:d0cf731fa3a786f9875c232c02552ca67c14186b5bb34ad726747937a36a9540",
                "sha256:d374177112f7b41afec54d272a0b6a6b51f5ee8331b669955d64458cb2a65b95",
                "sha256:d47948802938d828ff0811a5c5d0fff4268d7bfa7c2607eaa568eff2e6813499",
                "sha256:d54dc56f756ac05794d7cba46c536a714aed5a1e3f36a2f49a3d0aa48bcb3b4a",
                "sha256:deec3d8753003d59f61ffa7fc40c3f3b4ad5799274e4835ebe8507e358970f5a",
                "sha256:e1792114b4749c51aae4b8c6c526a0630265f61bdc630048d75b3bbd82270ddc",
                "sha256:e7961a6ed72ac073cd07482d35e584f8a3d7842ba5613e3de3305b31ee8e90ba",
                "sha256:ed7ec9244d52694baecb9da01181009ea57512fab7aaea23a1a0836c25196099",
                "sha256:ee7b9aa59efcd0a341d9ec83195d9c104a1dea405a872c106d5ef48fdddf5a08",
                "sha256:f073bf534248fac8348aceae87c795bc703d5c8310742a999729424162cb29d8",
                "sha256:f0e3c47ec5119508ea16e56db3e20c3db39b85bf0b5971acfc44976b69fc0faa",
                "sha256:f3ad5d2c4fc816ff7168fed2d14f8ff86e1c935814c74a062ce9c3157c62d887"
            ],
            "index": "pypi",
            "version": "==4.36.2"
        },
        "idna": {
            "hashes": [
                "sha256:14475042e284991034cb48e06f6851428fb14c4dc953acd9be9a5e95c7b6dd7a",
                "sha256:467fbad99067910785144ce333826c71fb0e63a425657295239737f7ecd125f3"
            ],
            "markers": "python_version >= '3'",
            "version": "==3.2"
        },
        "kinopoisk-api-unofficial-client": {
            "hashes": [
                "sha256:58f0b66173c95fedeab30725551a54252e6265d94ef0f8141f4269355db5c5b7",
                "sha256:dbc0f5a973c346bc446ba37b9769ccf15c8fbd8d6229bfba2391b5003ed8480e"
            ],
            "index": "pypi",
            "version": "==1.0.2"
        },
        "pymediainfo": {
            "hashes": [
                "sha256:5df10ff7d65631a68f80846f91b06d8844cc307588788443f1716c7543d4ff8e",
                "sha256:99bd7e562dc2040c7c60f7a57a603be964c95e2d6b34684fdc5c6046c12dba71",
                "sha256:d996c69d50081a24d6dca9679abf43ffd2be368b065f953c2c9082e5d649c734",
                "sha256:ffba87bbac9b020526d34b7aef3094b6e9afb23b208051ffef0fbd4833007455"
            ],
            "index": "pypi",
            "version": "==5.1.0"
        },
        "pytube": {
            "hashes": [
                "sha256:47643a6ff553cbc4d6be748ff14c9c45f79984e15005adff25d62b18110abe43",
                "sha256:d4dfea7394d7662edac3831432b349b2afac984e0d0bc4bdb611ec1f3fc16318"
            ],
            "index": "pypi",
            "version": "==11.0.1"
        },
        "requests": {
            "hashes": [
                "sha256:6c1246513ecd5ecd4528a0906f910e8f0f9c6b8ec72030dc9fd154dc1a6efd24",
                "sha256:b8aa58f8cf793ffd8782d3d8cb19e66ef36f7aba4353eec859e74678b01b07a7"
            ],
            "markers": "python_version >= '2.7' and python_version not in '3.0, 3.1, 3.2, 3.3, 3.4, 3.5'",
            "version": "==2.26.0"
        },
        "six": {
            "hashes": [
                "sha256:1e61c37477a1626458e36f7b1d82aa5c9b094fa4802892072e49de9c60c4c926",
                "sha256:8abb2f1d86890a2dfb989f9a77cfcfd3e47c2a354b01111771326f8aa26e0254"
            ],
            "markers": "python_version >= '2.7' and python_version not in '3.0, 3.1, 3.2, 3.3'",
            "version": "==1.16.0"
        },
        "urllib3": {
            "hashes": [
                "sha256:4987c65554f7a2dbf30c18fd48778ef124af6fab771a377103da0585e2336ece",
                "sha256:c4fdf4019605b6e5423637e01bc9fe4daef873709a7973e195ceba0a62bbc844"
            ],
            "markers": "python_version >= '2.7' and python_version not in '3.0, 3.1, 3.2, 3.3, 3.4' and python_version < '4'",
            "version": "==1.26.7"
        }
    },
    "develop": {
        "attrs": {
            "hashes": [
                "sha256:149e90d6d8ac20db7a955ad60cf0e6881a3f20d37096140088356da6c716b0b1",
                "sha256:ef6aaac3ca6cd92904cdd0d83f629a15f18053ec84e6432106f7a4d04ae4f5fb"
            ],
            "markers": "python_version >= '2.7' and python_version not in '3.0, 3.1, 3.2, 3.3, 3.4'",
            "version": "==21.2.0"
        },
        "iniconfig": {
            "hashes": [
                "sha256:011e24c64b7f47f6ebd835bb12a743f2fbe9a26d4cecaa7f53bc4f35ee9da8b3",
                "sha256:bc3af051d7d14b2ee5ef9969666def0cd1a000e121eaea580d4a313df4b37f32"
            ],
            "version": "==1.1.1"
        },
        "packaging": {
            "hashes": [
                "sha256:7dc96269f53a4ccec5c0670940a4281106dd0bb343f47b7471f779df49c2fbe7",
                "sha256:c86254f9220d55e31cc94d69bade760f0847da8000def4dfe1c6b872fd14ff14"
            ],
            "markers": "python_version >= '3.6'",
            "version": "==21.0"
        },
        "pluggy": {
            "hashes": [
                "sha256:4224373bacce55f955a878bf9cfa763c1e360858e330072059e10bad68531159",
                "sha256:74134bbf457f031a36d68416e1509f34bd5ccc019f0bcc952c7b909d06b37bd3"
            ],
            "markers": "python_version >= '3.6'",
            "version": "==1.0.0"
        },
        "py": {
            "hashes": [
                "sha256:21b81bda15b66ef5e1a777a21c4dcd9c20ad3efd0b3f817e7a809035269e1bd3",
                "sha256:3b80836aa6d1feeaa108e046da6423ab8f6ceda6468545ae8d02d9d58d18818a"
            ],
            "markers": "python_version >= '2.7' and python_version not in '3.0, 3.1, 3.2, 3.3'",
            "version": "==1.10.0"
        },
        "pyparsing": {
            "hashes": [
                "sha256:c203ec8783bf771a155b207279b9bccb8dea02d8f0c9e5f8ead507bc3246ecc1",
                "sha256:ef9d7589ef3c200abe66653d3f1ab1033c3c419ae9b9bdb1240a85b024efc88b"
            ],
            "markers": "python_version >= '2.6' and python_version not in '3.0, 3.1, 3.2, 3.3'",
            "version": "==2.4.7"
        },
        "pytest": {
            "hashes": [
                "sha256:131b36680866a76e6781d13f101efb86cf674ebb9762eb70d3082b6f29889e89",
                "sha256:7310f8d27bc79ced999e760ca304d69f6ba6c6649c0b60fb0e04a4a77cacc134"
            ],
            "index": "pypi",
            "version": "==6.2.5"
        },
        "toml": {
            "hashes": [
                "sha256:806143ae5bfb6a3c6e736a764057db0e6a0e05e338b5630894a5f779cabb4f9b",
                "sha256:b3bda1d108d5dd99f4a20d24d9c348e91c4db7ab1b749200bded2f839ccbe68f"
            ],
            "markers": "python_version >= '2.6' and python_version not in '3.0, 3.1, 3.2, 3.3'",
            "version": "==0.10.2"
        }
    }
}
