{
    "_meta": {
        "hash": {
            "sha256": "4d6116ec6e4e853ae45fb5cc4e52961bb0b38d4f6fd809bdc13e924145bc188e"
        },
        "pipfile-spec": 6,
        "requires": {
            "python_version": "3.9"
        },
        "sources": [
            {
                "name": "pypi",
                "url": "https://pypi.org/simple",
                "verify_ssl": true
            }
        ]
    },
    "default": {
        "pytube": {
            "hashes": [
                "sha256:47643a6ff553cbc4d6be748ff14c9c45f79984e15005adff25d62b18110abe43",
                "sha256:d4dfea7394d7662edac3831432b349b2afac984e0d0bc4bdb611ec1f3fc16318"
            ],
            "index": "pypi",
            "version": "==11.0.1"
        }
    },
    "develop": {}
}
